// !$*UTF8*$!
{
	archiveVersion = 1;
	classes = {
	};
	objectVersion = 50;
	objects = {

/* Begin PBXBuildFile section */
		1FFF81AA22E9E5B800C4AC46 /* AppDelegate.swift in Sources */ = {isa = PBXBuildFile; fileRef = 1FFF81A922E9E5B800C4AC46 /* AppDelegate.swift */; };
		1FFF81AC22E9E5B800C4AC46 /* art.scnassets in Resources */ = {isa = PBXBuildFile; fileRef = 1FFF81AB22E9E5B800C4AC46 /* art.scnassets */; };
		1FFF81AE22E9E5B800C4AC46 /* ViewController.swift in Sources */ = {isa = PBXBuildFile; fileRef = 1FFF81AD22E9E5B800C4AC46 /* ViewController.swift */; };
		1FFF81B122E9E5B800C4AC46 /* Main.storyboard in Resources */ = {isa = PBXBuildFile; fileRef = 1FFF81AF22E9E5B800C4AC46 /* Main.storyboard */; };
		1FFF81B322E9E5B900C4AC46 /* Assets.xcassets in Resources */ = {isa = PBXBuildFile; fileRef = 1FFF81B222E9E5B900C4AC46 /* Assets.xcassets */; };
		1FFF81B622E9E5B900C4AC46 /* LaunchScreen.storyboard in Resources */ = {isa = PBXBuildFile; fileRef = 1FFF81B422E9E5B900C4AC46 /* LaunchScreen.storyboard */; };
/* End PBXBuildFile section */

/* Begin PBXFileReference section */
		1FFF81A622E9E5B800C4AC46 /* Practice-Adding-Plane-2.app */ = {isa = PBXFileReference; explicitFileType = wrapper.application; includeInIndex = 0; path = "Practice-Adding-Plane-2.app"; sourceTree = BUILT_PRODUCTS_DIR; };
		1FFF81A922E9E5B800C4AC46 /* AppDelegate.swift */ = {isa = PBXFileReference; lastKnownFileType = sourcecode.swift; path = AppDelegate.swift; sourceTree = "<group>"; };
		1FFF81AB22E9E5B800C4AC46 /* art.scnassets */ = {isa = PBXFileReference; lastKnownFileType = wrapper.scnassets; path = art.scnassets; sourceTree = "<group>"; };
		1FFF81AD22E9E5B800C4AC46 /* ViewController.swift */ = {isa = PBXFileReference; lastKnownFileType = sourcecode.swift; path = ViewController.swift; sourceTree = "<group>"; };
		1FFF81B022E9E5B800C4AC46 /* Base */ = {isa = PBXFileReference; lastKnownFileType = file.storyboard; name = Base; path = Base.lproj/Main.storyboard; sourceTree = "<group>"; };
		1FFF81B222E9E5B900C4AC46 /* Assets.xcassets */ = {isa = PBXFileReference; lastKnownFileType = folder.assetcatalog; path = Assets.xcassets; sourceTree = "<group>"; };
		1FFF81B522E9E5B900C4AC46 /* Base */ = {isa = PBXFileReference; lastKnownFileType = file.storyboard; name = Base; path = Base.lproj/LaunchScreen.storyboard; sourceTree = "<group>"; };
		1FFF81B722E9E5B900C4AC46 /* Info.plist */ = {isa = PBXFileReference; lastKnownFileType = text.plist.xml; path = Info.plist; sourceTree = "<group>"; };
/* End PBXFileReference section */

/* Begin PBXFrameworksBuildPhase section */
		1FFF81A322E9E5B800C4AC46 /* Frameworks */ = {
			isa = PBXFrameworksBuildPhase;
			buildActionMask = 2147483647;
			files = (
			);
			runOnlyForDeploymentPostprocessing = 0;
		};
/* End PBXFrameworksBuildPhase section */

/* Begin PBXGroup section */
		1FFF819D22E9E5B800C4AC46 = {
			isa = PBXGroup;
			children = (
				1FFF81A822E9E5B800C4AC46 /* Practice-Adding-Plane-2 */,
				1FFF81A722E9E5B800C4AC46 /* Products */,
			);
			sourceTree = "<group>";
		};
		1FFF81A722E9E5B800C4AC46 /* Products */ = {
			isa = PBXGroup;
			children = (
				1FFF81A622E9E5B800C4AC46 /* Practice-Adding-Plane-2.app */,
			);
			name = Products;
			sourceTree = "<group>";
		};
		1FFF81A822E9E5B800C4AC46 /* Practice-Adding-Plane-2 */ = {
			isa = PBXGroup;
			children = (
				1FFF81A922E9E5B800C4AC46 /* AppDelegate.swift */,
				1FFF81AB22E9E5B800C4AC46 /* art.scnassets */,
				1FFF81AD22E9E5B800C4AC46 /* ViewController.swift */,
				1FFF81AF22E9E5B800C4AC46 /* Main.storyboard */,
				1FFF81B222E9E5B900C4AC46 /* Assets.xcassets */,
				1FFF81B422E9E5B900C4AC46 /* LaunchScreen.storyboard */,
				1FFF81B722E9E5B900C4AC46 /* Info.plist */,
			);
			path = "Practice-Adding-Plane-2";
			sourceTree = "<group>";
		};
/* End PBXGroup section */

/* Begin PBXNativeTarget section */
		1FFF81A522E9E5B800C4AC46 /* Practice-Adding-Plane-2 */ = {
			isa = PBXNativeTarget;
			buildConfigurationList = 1FFF81BA22E9E5B900C4AC46 /* Build configuration list for PBXNativeTarget "Practice-Adding-Plane-2" */;
			buildPhases = (
				1FFF81A222E9E5B800C4AC46 /* Sources */,
				1FFF81A322E9E5B800C4AC46 /* Frameworks */,
				1FFF81A422E9E5B800C4AC46 /* Resources */,
			);
			buildRules = (
			);
			dependencies = (
			);
			name = "Practice-Adding-Plane-2";
			productName = "Practice-Adding-Plane-2";
			productReference = 1FFF81A622E9E5B800C4AC46 /* Practice-Adding-Plane-2.app */;
			productType = "com.apple.product-type.application";
		};
/* End PBXNativeTarget section */

/* Begin PBXProject section */
		1FFF819E22E9E5B800C4AC46 /* Project object */ = {
			isa = PBXProject;
			attributes = {
				LastSwiftUpdateCheck = 1100;
				LastUpgradeCheck = 1100;
				ORGANIZATIONNAME = "Seven Dots";
				TargetAttributes = {
					1FFF81A522E9E5B800C4AC46 = {
						CreatedOnToolsVersion = 11.0;
					};
				};
			};
			buildConfigurationList = 1FFF81A122E9E5B800C4AC46 /* Build configuration list for PBXProject "Practice-Adding-Plane-2" */;
			compatibilityVersion = "Xcode 9.3";
			developmentRegion = en;
			hasScannedForEncodings = 0;
			knownRegions = (
				en,
				Base,
			);
			mainGroup = 1FFF819D22E9E5B800C4AC46;
			productRefGroup = 1FFF81A722E9E5B800C4AC46 /* Products */;
			projectDirPath = "";
			projectRoot = "";
			targets = (
				1FFF81A522E9E5B800C4AC46 /* Practice-Adding-Plane-2 */,
			);
		};
/* End PBXProject section */

/* Begin PBXResourcesBuildPhase section */
		1FFF81A422E9E5B800C4AC46 /* Resources */ = {
			isa = PBXResourcesBuildPhase;
			buildActionMask = 2147483647;
			files = (
				1FFF81AC22E9E5B800C4AC46 /* art.scnassets in Resources */,
				1FFF81B622E9E5B900C4AC46 /* LaunchScreen.storyboard in Resources */,
				1FFF81B322E9E5B900C4AC46 /* Assets.xcassets in Resources */,
				1FFF81B122E9E5B800C4AC46 /* Main.storyboard in Resources */,
			);
			runOnlyForDeploymentPostprocessing = 0;
		};
/* End PBXResourcesBuildPhase section */

/* Begin PBXSourcesBuildPhase section */
		1FFF81A222E9E5B800C4AC46 /* Sources */ = {
			isa = PBXSourcesBuildPhase;
			buildActionMask = 2147483647;
			files = (
				1FFF81AE22E9E5B800C4AC46 /* ViewController.swift in Sources */,
				1FFF81AA22E9E5B800C4AC46 /* AppDelegate.swift in Sources */,
			);
			runOnlyForDeploymentPostprocessing = 0;
		};
/* End PBXSourcesBuildPhase section */

/* Begin PBXVariantGroup section */
		1FFF81AF22E9E5B800C4AC46 /* Main.storyboard */ = {
			isa = PBXVariantGroup;
			children = (
				1FFF81B022E9E5B800C4AC46 /* Base */,
			);
			name = Main.storyboard;
			sourceTree = "<group>";
		};
		1FFF81B422E9E5B900C4AC46 /* LaunchScreen.storyboard */ = {
			isa = PBXVariantGroup;
			children = (
				1FFF81B522E9E5B900C4AC46 /* Base */,
			);
			name = LaunchScreen.storyboard;
			sourceTree = "<group>";
		};
/* End PBXVariantGroup section */

/* Begin XCBuildConfiguration section */
		1FFF81B822E9E5B900C4AC46 /* Debug */ = {
			isa = XCBuildConfiguration;
			buildSettings = {
				ALWAYS_SEARCH_USER_PATHS = NO;
				CLANG_ANALYZER_NONNULL = YES;
				CLANG_ANALYZER_NUMBER_OBJECT_CONVERSION = YES_AGGRESSIVE;
				CLANG_CXX_LANGUAGE_STANDARD = "gnu++14";
				CLANG_CXX_LIBRARY = "libc++";
				CLANG_ENABLE_MODULES = YES;
				CLANG_ENABLE_OBJC_ARC = YES;
				CLANG_ENABLE_OBJC_WEAK = YES;
				CLANG_WARN_BLOCK_CAPTURE_AUTORELEASING = YES;
				CLANG_WARN_BOOL_CONVERSION = YES;
				CLANG_WARN_COMMA = YES;
				CLANG_WARN_CONSTANT_CONVERSION = YES;
				CLANG_WARN_DEPRECATED_OBJC_IMPLEMENTATIONS = YES;
				CLANG_WARN_DIRECT_OBJC_ISA_USAGE = YES_ERROR;
				CLANG_WARN_DOCUMENTATION_COMMENTS = YES;
				CLANG_WARN_EMPTY_BODY = YES;
				CLANG_WARN_ENUM_CONVERSION = YES;
				CLANG_WARN_INFINITE_RECURSION = YES;
				CLANG_WARN_INT_CONVERSION = YES;
				CLANG_WARN_NON_LITERAL_NULL_CONVERSION = YES;
				CLANG_WARN_OBJC_IMPLICIT_RETAIN_SELF = YES;
				CLANG_WARN_OBJC_LITERAL_CONVERSION = YES;
				CLANG_WARN_OBJC_ROOT_CLASS = YES_ERROR;
				CLANG_WARN_RANGE_LOOP_ANALYSIS = YES;
				CLANG_WARN_STRICT_PROTOTYPES = YES;
				CLANG_WARN_SUSPICIOUS_MOVE = YES;
				CLANG_WARN_UNGUARDED_AVAILABILITY = YES_AGGRESSIVE;
				CLANG_WARN_UNREACHABLE_CODE = YES;
				CLANG_WARN__DUPLICATE_METHOD_MATCH = YES;
				COPY_PHASE_STRIP = NO;
				DEBUG_INFORMATION_FORMAT = dwarf;
				ENABLE_STRICT_OBJC_MSGSEND = YES;
				ENABLE_TESTABILITY = YES;
				GCC_C_LANGUAGE_STANDARD = gnu11;
				GCC_DYNAMIC_NO_PIC = NO;
				GCC_NO_COMMON_BLOCKS = YES;
				GCC_OPTIMIZATION_LEVEL = 0;
				GCC_PREPROCESSOR_DEFINITIONS = (
					"DEBUG=1",
					"$(inherited)",
				);
				GCC_WARN_64_TO_32_BIT_CONVERSION = YES;
				GCC_WARN_ABOUT_RETURN_TYPE = YES_ERROR;
				GCC_WARN_UNDECLARED_SELECTOR = YES;
				GCC_WARN_UNINITIALIZED_AUTOS = YES_AGGRESSIVE;
				GCC_WARN_UNUSED_FUNCTION = YES;
				GCC_WARN_UNUSED_VARIABLE = YES;
				IPHONEOS_DEPLOYMENT_TARGET = 13.0;
				MTL_ENABLE_DEBUG_INFO = INCLUDE_SOURCE;
				MTL_FAST_MATH = YES;
				ONLY_ACTIVE_ARCH = YES;
				SDKROOT = iphoneos;
				SWIFT_ACTIVE_COMPILATION_CONDITIONS = DEBUG;
				SWIFT_OPTIMIZATION_LEVEL = "-Onone";
			};
			name = Debug;
		};
		1FFF81B922E9E5B900C4AC46 /* Release */ = {
			isa = XCBuildConfiguration;
			buildSettings = {
				ALWAYS_SEARCH_USER_PATHS = NO;
				CLANG_ANALYZER_NONNULL = YES;
				CLANG_ANALYZER_NUMBER_OBJECT_CONVERSION = YES_AGGRESSIVE;
				CLANG_CXX_LANGUAGE_STANDARD = "gnu++14";
				CLANG_CXX_LIBRARY = "libc++";
				CLANG_ENABLE_MODULES = YES;
				CLANG_ENABLE_OBJC_ARC = YES;
				CLANG_ENABLE_OBJC_WEAK = YES;
				CLANG_WARN_BLOCK_CAPTURE_AUTORELEASING = YES;
				CLANG_WARN_BOOL_CONVERSION = YES;
				CLANG_WARN_COMMA = YES;
				CLANG_WARN_CONSTANT_CONVERSION = YES;
				CLANG_WARN_DEPRECATED_OBJC_IMPLEMENTATIONS = YES;
				CLANG_WARN_DIRECT_OBJC_ISA_USAGE = YES_ERROR;
				CLANG_WARN_DOCUMENTATION_COMMENTS = YES;
				CLANG_WARN_EMPTY_BODY = YES;
				CLANG_WARN_ENUM_CONVERSION = YES;
				CLANG_WARN_INFINITE_RECURSION = YES;
				CLANG_WARN_INT_CONVERSION = YES;
				CLANG_WARN_NON_LITERAL_NULL_CONVERSION = YES;
				CLANG_WARN_OBJC_IMPLICIT_RETAIN_SELF = YES;
				CLANG_WARN_OBJC_LITERAL_CONVERSION = YES;
				CLANG_WARN_OBJC_ROOT_CLASS = YES_ERROR;
				CLANG_WARN_RANGE_LOOP_ANALYSIS = YES;
				CLANG_WARN_STRICT_PROTOTYPES = YES;
				CLANG_WARN_SUSPICIOUS_MOVE = YES;
				CLANG_WARN_UNGUARDED_AVAILABILITY = YES_AGGRESSIVE;
				CLANG_WARN_UNREACHABLE_CODE = YES;
				CLANG_WARN__DUPLICATE_METHOD_MATCH = YES;
				COPY_PHASE_STRIP = NO;
				DEBUG_INFORMATION_FORMAT = "dwarf-with-dsym";
				ENABLE_NS_ASSERTIONS = NO;
				ENABLE_STRICT_OBJC_MSGSEND = YES;
				GCC_C_LANGUAGE_STANDARD = gnu11;
				GCC_NO_COMMON_BLOCKS = YES;
				GCC_WARN_64_TO_32_BIT_CONVERSION = YES;
				GCC_WARN_ABOUT_RETURN_TYPE = YES_ERROR;
				GCC_WARN_UNDECLARED_SELECTOR = YES;
				GCC_WARN_UNINITIALIZED_AUTOS = YES_AGGRESSIVE;
				GCC_WARN_UNUSED_FUNCTION = YES;
				GCC_WARN_UNUSED_VARIABLE = YES;
				IPHONEOS_DEPLOYMENT_TARGET = 13.0;
				MTL_ENABLE_DEBUG_INFO = NO;
				MTL_FAST_MATH = YES;
				SDKROOT = iphoneos;
				SWIFT_COMPILATION_MODE = wholemodule;
				SWIFT_OPTIMIZATION_LEVEL = "-O";
				VALIDATE_PRODUCT = YES;
			};
			name = Release;
		};
		1FFF81BB22E9E5B900C4AC46 /* Debug */ = {
			isa = XCBuildConfiguration;
			buildSettings = {
				ASSETCATALOG_COMPILER_APPICON_NAME = AppIcon;
				CODE_SIGN_STYLE = Automatic;
				DEVELOPMENT_TEAM = L2SR5HHMNQ;
				INFOPLIST_FILE = "Practice-Adding-Plane-2/Info.plist";
				LD_RUNPATH_SEARCH_PATHS = (
					"$(inherited)",
					"@executable_path/Frameworks",
				);
				PRODUCT_BUNDLE_IDENTIFIER = "com.SevenDots.Practice-Adding-Plane-2";
				PRODUCT_NAME = "$(TARGET_NAME)";
				SWIFT_VERSION = 5.0;
				TARGETED_DEVICE_FAMILY = "1,2";
			};
			name = Debug;
		};
		1FFF81BC22E9E5B900C4AC46 /* Release */ = {
			isa = XCBuildConfiguration;
			buildSettings = {
				ASSETCATALOG_COMPILER_APPICON_NAME = AppIcon;
				CODE_SIGN_STYLE = Automatic;
				DEVELOPMENT_TEAM = L2SR5HHMNQ;
				INFOPLIST_FILE = "Practice-Adding-Plane-2/Info.plist";
				LD_RUNPATH_SEARCH_PATHS = (
					"$(inherited)",
					"@executable_path/Frameworks",
				);
				PRODUCT_BUNDLE_IDENTIFIER = "com.SevenDots.Practice-Adding-Plane-2";
				PRODUCT_NAME = "$(TARGET_NAME)";
				SWIFT_VERSION = 5.0;
				TARGETED_DEVICE_FAMILY = "1,2";
			};
			name = Release;
		};
/* End XCBuildConfiguration section */

/* Begin XCConfigurationList section */
		1FFF81A122E9E5B800C4AC46 /* Build configuration list for PBXProject "Practice-Adding-Plane-2" */ = {
			isa = XCConfigurationList;
			buildConfigurations = (
				1FFF81B822E9E5B900C4AC46 /* Debug */,
				1FFF81B922E9E5B900C4AC46 /* Release */,
			);
			defaultConfigurationIsVisible = 0;
			defaultConfigurationName = Release;
		};
		1FFF81BA22E9E5B900C4AC46 /* Build configuration list for PBXNativeTarget "Practice-Adding-Plane-2" */ = {
			isa = XCConfigurationList;
			buildConfigurations = (
				1FFF81BB22E9E5B900C4AC46 /* Debug */,
				1FFF81BC22E9E5B900C4AC46 /* Release */,
			);
			defaultConfigurationIsVisible = 0;
			defaultConfigurationName = Release;
		};
/* End XCConfigurationList section */
	};
	rootObject = 1FFF819E22E9E5B800C4AC46 /* Project object */;
}
